
Microsoft Visual Studio Solution File, Format Version 12.00
# Visual Studio Version 16
VisualStudioVersion = 16.0.29509.3
MinimumVisualStudioVersion = 10.0.40219.1
Project("{FAE04EC0-301F-11D3-BF4B-00C04F79EFBC}") = "教师端", "教师端.csproj", "{0AF80B6B-CD3B-400C-83CA-B718834B8FD1}"
EndProject
Global
	GlobalSection(SolutionConfigurationPlatforms) = preSolution
		Debug|Any CPU = Debug|Any CPU
		Release|Any CPU = Release|Any CPU
	EndGlobalSection
	GlobalSection(ProjectConfigurationPlatforms) = postSolution
		{0AF80B6B-CD3B-400C-83CA-B718834B8FD1}.Debug|Any CPU.ActiveCfg = Debug|Any CPU
		{0AF80B6B-CD3B-400C-83CA-B718834B8FD1}.Debug|Any CPU.Build.0 = Debug|Any CPU
		{0AF80B6B-CD3B-400C-83CA-B718834B8FD1}.Release|Any CPU.ActiveCfg = Release|Any CPU
		{0AF80B6B-CD3B-400C-83CA-B718834B8FD1}.Release|Any CPU.Build.0 = Release|Any CPU
	EndGlobalSection
	GlobalSection(SolutionProperties) = preSolution
		HideSolutionNode = FALSE
	EndGlobalSection
	GlobalSection(ExtensibilityGlobals) = postSolution
		SolutionGuid = {AFE82A9D-71F9-4BB3-B38B-193FA631A0D4}
	EndGlobalSection
EndGlobal
